Microsoft Visual Studio Solution File, Format Version 12.00
# Visual Studio Version 17
VisualStudioVersion = 17.14.36301.6
MinimumVisualStudioVersion = 10.0.40219.1
Project("{FAE04EC0-301F-11D3-BF4B-00C04F79EFBC}") = "DatabaseAnalysis", "DatabaseAnalysis\DatabaseAnalysis.csproj", "{3A9C4E5F-6B7D-4A8E-9F0A-2B3C4D5E6F7A}"
EndProject
Project("{FAE04EC0-301F-11D3-BF4B-00C04F79EFBC}") = "PerformanceAnalysis", "PerformanceAnalysis\PerformanceAnalysis.csproj", "{4B0D5F6A-7C8E-4B9F-A01B-3C4D5E6F7A8B}"
EndProject
Project("{FAE04EC0-301F-11D3-BF4B-00C04F79EFBC}") = "PerformanceTests", "PerformanceTests\PerformanceTests.csproj", "{5C1E6A7B-8D9F-4C0A-B12C-4D5E6F7A8B9C}"
EndProject
Global
	GlobalSection(SolutionConfigurationPlatforms) = preSolution
		Debug|Any CPU = Debug|Any CPU
		Release|Any CPU = Release|Any CPU
	EndGlobalSection
	GlobalSection(ProjectConfigurationPlatforms) = postSolution
		{3A9C4E5F-6B7D-4A8E-9F0A-2B3C4D5E6F7A}.Debug|Any CPU.ActiveCfg = Debug|Any CPU
		{3A9C4E5F-6B7D-4A8E-9F0A-2B3C4D5E6F7A}.Debug|Any CPU.Build.0 = Debug|Any CPU
		{3A9C4E5F-6B7D-4A8E-9F0A-2B3C4D5E6F7A}.Release|Any CPU.ActiveCfg = Release|Any CPU
		{3A9C4E5F-6B7D-4A8E-9F0A-2B3C4D5E6F7A}.Release|Any CPU.Build.0 = Release|Any CPU
		{4B0D5F6A-7C8E-4B9F-A01B-3C4D5E6F7A8B}.Debug|Any CPU.ActiveCfg = Debug|Any CPU
		{4B0D5F6A-7C8E-4B9F-A01B-3C4D5E6F7A8B}.Debug|Any CPU.Build.0 = Debug|Any CPU
		{4B0D5F6A-7C8E-4B9F-A01B-3C4D5E6F7A8B}.Release|Any CPU.ActiveCfg = Release|Any CPU
		{4B0D5F6A-7C8E-4B9F-A01B-3C4D5E6F7A8B}.Release|Any CPU.Build.0 = Release|Any CPU
		{5C1E6A7B-8D9F-4C0A-B12C-4D5E6F7A8B9C}.Debug|Any CPU.ActiveCfg = Debug|Any CPU
		{5C1E6A7B-8D9F-4C0A-B12C-4D5E6F7A8B9C}.Debug|Any CPU.Build.0 = Debug|Any CPU
		{5C1E6A7B-8D9F-4C0A-B12C-4D5E6F7A8B9C}.Release|Any CPU.ActiveCfg = Release|Any CPU
		{5C1E6A7B-8D9F-4C0A-B12C-4D5E6F7A8B9C}.Release|Any CPU.Build.0 = Release|Any CPU
	EndGlobalSection
	GlobalSection(SolutionProperties) = preSolution
		HideSolutionNode = FALSE
	EndGlobalSection
	GlobalSection(ExtensibilityGlobals) = postSolution
		SolutionGuid = {7E8A9B2C-3D4E-5F6A-7B8C-9D0E1F2A3B4C}
	EndGlobalSection
EndGlobal
